
Microsoft Visual Studio Solution File, Format Version 12.00
# Visual Studio Version 17
VisualStudioVersion = 17.14.36603.0 d17.14
MinimumVisualStudioVersion = 10.0.40219.1
Project("{8BC9CEB8-8B4A-11D0-8D11-00A0C91BC942}") = "TiledMatMul", "TiledMatMul.vcxproj", "{ABABDCBB-DD7A-5DC5-253A-8DDFE410E1DE}"
EndProject
Global
	GlobalSection(SolutionConfigurationPlatforms) = preSolution
		Debug|x64 = Debug|x64
		Release|x64 = Release|x64
	EndGlobalSection
	GlobalSection(ProjectConfigurationPlatforms) = postSolution
		{ABABDCBB-DD7A-5DC5-253A-8DDFE410E1DE}.Debug|x64.ActiveCfg = Debug|x64
		{ABABDCBB-DD7A-5DC5-253A-8DDFE410E1DE}.Debug|x64.Build.0 = Debug|x64
		{ABABDCBB-DD7A-5DC5-253A-8DDFE410E1DE}.Release|x64.ActiveCfg = Release|x64
		{ABABDCBB-DD7A-5DC5-253A-8DDFE410E1DE}.Release|x64.Build.0 = Release|x64
	EndGlobalSection
	GlobalSection(SolutionProperties) = preSolution
		HideSolutionNode = FALSE
	EndGlobalSection
	GlobalSection(ExtensibilityGlobals) = postSolution
		SolutionGuid = {306908B5-64CE-44F3-A959-FF2018332216}
	EndGlobalSection
EndGlobal
